// !$*UTF8*$!
{
	archiveVersion = 1;
	classes = {
	};
	objectVersion = 51;
	objects = {

/* Begin PBXBuildFile section */
		1696A593ED4E9B3BEBE7919D /* Pods_MHA.framework in Frameworks */ = {isa = PBXBuildFile; fileRef = 57D2A40651A2509AE142A443 /* Pods_MHA.framework */; };
		6E0EF681255C3D7A00939B0B /* NeedData.swift in Sources */ = {isa = PBXBuildFile; fileRef = 6E0EF680255C3D7A00939B0B /* NeedData.swift */; };
		6E0EF686255C830000939B0B /* NeedActivity.swift in Sources */ = {isa = PBXBuildFile; fileRef = 6E0EF685255C830000939B0B /* NeedActivity.swift */; };
		6E0EF6BA255DA3A700939B0B /* ResultsViewController.swift in Sources */ = {isa = PBXBuildFile; fileRef = 6E0EF6B9255DA3A600939B0B /* ResultsViewController.swift */; };
		6E0EF6C1255DAD3600939B0B /* NeedActivityData.swift in Sources */ = {isa = PBXBuildFile; fileRef = 6E0EF6C0255DAD3600939B0B /* NeedActivityData.swift */; };
		6E0EF6F2255EED1C00939B0B /* CalendarViewController.swift in Sources */ = {isa = PBXBuildFile; fileRef = 6E0EF6F1255EED1C00939B0B /* CalendarViewController.swift */; };
		6E0EF6F7255EED9600939B0B /* DatePickerController.swift in Sources */ = {isa = PBXBuildFile; fileRef = 6E0EF6F6255EED9600939B0B /* DatePickerController.swift */; };
		6E184D812550F7890066EBC1 /* AppDelegate.swift in Sources */ = {isa = PBXBuildFile; fileRef = 6E184D802550F7890066EBC1 /* AppDelegate.swift */; };
		6E184D832550F7890066EBC1 /* SceneDelegate.swift in Sources */ = {isa = PBXBuildFile; fileRef = 6E184D822550F7890066EBC1 /* SceneDelegate.swift */; };
		6E184D852550F7890066EBC1 /* WelcomeViewController.swift in Sources */ = {isa = PBXBuildFile; fileRef = 6E184D842550F7890066EBC1 /* WelcomeViewController.swift */; };
		6E184D882550F7890066EBC1 /* Main.storyboard in Resources */ = {isa = PBXBuildFile; fileRef = 6E184D862550F7890066EBC1 /* Main.storyboard */; };
		6E184D8B2550F7890066EBC1 /* MHA.xcdatamodeld in Sources */ = {isa = PBXBuildFile; fileRef = 6E184D892550F7890066EBC1 /* MHA.xcdatamodeld */; };
		6E184D8D2550F78C0066EBC1 /* Assets.xcassets in Resources */ = {isa = PBXBuildFile; fileRef = 6E184D8C2550F78C0066EBC1 /* Assets.xcassets */; };
		6E184D902550F78D0066EBC1 /* LaunchScreen.storyboard in Resources */ = {isa = PBXBuildFile; fileRef = 6E184D8E2550F78D0066EBC1 /* LaunchScreen.storyboard */; };
		6E184D9B2550F78D0066EBC1 /* MHATests.swift in Sources */ = {isa = PBXBuildFile; fileRef = 6E184D9A2550F78D0066EBC1 /* MHATests.swift */; };
		6E184DA62550F78D0066EBC1 /* MHAUITests.swift in Sources */ = {isa = PBXBuildFile; fileRef = 6E184DA52550F78D0066EBC1 /* MHAUITests.swift */; };
		6E184DB82550F9690066EBC1 /* RegisterViewController.swift in Sources */ = {isa = PBXBuildFile; fileRef = 6E184DB72550F9690066EBC1 /* RegisterViewController.swift */; };
		6E184DC02550F9790066EBC1 /* SignInViewController.swift in Sources */ = {isa = PBXBuildFile; fileRef = 6E184DBF2550F9790066EBC1 /* SignInViewController.swift */; };
		6E26884C25618F5200C45D21 /* ActivityTimePicker.swift in Sources */ = {isa = PBXBuildFile; fileRef = 6E26884B25618F5200C45D21 /* ActivityTimePicker.swift */; };
		6E2688652564A2F300C45D21 /* SafetyView.swift in Sources */ = {isa = PBXBuildFile; fileRef = 6E2688642564A2F300C45D21 /* SafetyView.swift */; };
		6E26886F2564A83B00C45D21 /* EsteemView.swift in Sources */ = {isa = PBXBuildFile; fileRef = 6E26886E2564A83B00C45D21 /* EsteemView.swift */; };
		6E2688742564B29D00C45D21 /* PhysiologicalView.swift in Sources */ = {isa = PBXBuildFile; fileRef = 6E2688732564B29D00C45D21 /* PhysiologicalView.swift */; };
		6E26887C2564B35900C45D21 /* SelfActualizationView.swift in Sources */ = {isa = PBXBuildFile; fileRef = 6E26887B2564B35900C45D21 /* SelfActualizationView.swift */; };
		6E26888F2564C87200C45D21 /* LoveView.swift in Sources */ = {isa = PBXBuildFile; fileRef = 6E26888E2564C87200C45D21 /* LoveView.swift */; };
		6E2688C025672E9000C45D21 /* NeedDetailViewController.swift in Sources */ = {isa = PBXBuildFile; fileRef = 6E2688BF25672E9000C45D21 /* NeedDetailViewController.swift */; };
		6E2939632551EA7700D7991D /* GoogleService-Info.plist in Resources */ = {isa = PBXBuildFile; fileRef = 6E2939622551EA7600D7991D /* GoogleService-Info.plist */; };
		6E3B859F2557A9EC009996FF /* Activity.swift in Sources */ = {isa = PBXBuildFile; fileRef = 6E3B859E2557A9EC009996FF /* Activity.swift */; };
		6E78E950255A2F4700A61966 /* UserInputViewController.swift in Sources */ = {isa = PBXBuildFile; fileRef = 6E78E94F255A2F4700A61966 /* UserInputViewController.swift */; };
		6E78E973255A4BD200A61966 /* FlashCardView.swift in Sources */ = {isa = PBXBuildFile; fileRef = 6E78E972255A4BD200A61966 /* FlashCardView.swift */; };
		6E78E988255B359600A61966 /* Need.swift in Sources */ = {isa = PBXBuildFile; fileRef = 6E78E987255B359600A61966 /* Need.swift */; };
		6EF7BE2C25547CD400280738 /* Utils.swift in Sources */ = {isa = PBXBuildFile; fileRef = 6EF7BE2B25547CD400280738 /* Utils.swift */; };
		94FC146E167BF2F1D30C3470 /* Pods_MHATests.framework in Frameworks */ = {isa = PBXBuildFile; fileRef = 13A23000716A2A40A3E4C14F /* Pods_MHATests.framework */; };
		D397B2508FB565F065BE0EDD /* Pods_MHA_MHAUITests.framework in Frameworks */ = {isa = PBXBuildFile; fileRef = 2441BEC56B3BD9F3CECD7CBE /* Pods_MHA_MHAUITests.framework */; };
/* End PBXBuildFile section */

/* Begin PBXContainerItemProxy section */
		6E184D972550F78D0066EBC1 /* PBXContainerItemProxy */ = {
			isa = PBXContainerItemProxy;
			containerPortal = 6E184D752550F7890066EBC1 /* Project object */;
			proxyType = 1;
			remoteGlobalIDString = 6E184D7C2550F7890066EBC1;
			remoteInfo = MHA;
		};
		6E184DA22550F78D0066EBC1 /* PBXContainerItemProxy */ = {
			isa = PBXContainerItemProxy;
			containerPortal = 6E184D752550F7890066EBC1 /* Project object */;
			proxyType = 1;
			remoteGlobalIDString = 6E184D7C2550F7890066EBC1;
			remoteInfo = MHA;
		};
/* End PBXContainerItemProxy section */

/* Begin PBXFileReference section */
		13A23000716A2A40A3E4C14F /* Pods_MHATests.framework */ = {isa = PBXFileReference; explicitFileType = wrapper.framework; includeInIndex = 0; path = Pods_MHATests.framework; sourceTree = BUILT_PRODUCTS_DIR; };
		21498DDCE1233544F9B43E5E /* Pods-MHA.debug.xcconfig */ = {isa = PBXFileReference; includeInIndex = 1; lastKnownFileType = text.xcconfig; name = "Pods-MHA.debug.xcconfig"; path = "Target Support Files/Pods-MHA/Pods-MHA.debug.xcconfig"; sourceTree = "<group>"; };
		2441BEC56B3BD9F3CECD7CBE /* Pods_MHA_MHAUITests.framework */ = {isa = PBXFileReference; explicitFileType = wrapper.framework; includeInIndex = 0; path = Pods_MHA_MHAUITests.framework; sourceTree = BUILT_PRODUCTS_DIR; };
		517CE70CF4182B41D339DF06 /* Pods-MHA-MHAUITests.release.xcconfig */ = {isa = PBXFileReference; includeInIndex = 1; lastKnownFileType = text.xcconfig; name = "Pods-MHA-MHAUITests.release.xcconfig"; path = "Target Support Files/Pods-MHA-MHAUITests/Pods-MHA-MHAUITests.release.xcconfig"; sourceTree = "<group>"; };
		52F68A912BDC5AD790E9A127 /* Pods-MHATests.debug.xcconfig */ = {isa = PBXFileReference; includeInIndex = 1; lastKnownFileType = text.xcconfig; name = "Pods-MHATests.debug.xcconfig"; path = "Target Support Files/Pods-MHATests/Pods-MHATests.debug.xcconfig"; sourceTree = "<group>"; };
		57D2A40651A2509AE142A443 /* Pods_MHA.framework */ = {isa = PBXFileReference; explicitFileType = wrapper.framework; includeInIndex = 0; path = Pods_MHA.framework; sourceTree = BUILT_PRODUCTS_DIR; };
		6E0EF680255C3D7A00939B0B /* NeedData.swift */ = {isa = PBXFileReference; lastKnownFileType = sourcecode.swift; path = NeedData.swift; sourceTree = "<group>"; };
		6E0EF685255C830000939B0B /* NeedActivity.swift */ = {isa = PBXFileReference; lastKnownFileType = sourcecode.swift; path = NeedActivity.swift; sourceTree = "<group>"; };
		6E0EF6B9255DA3A600939B0B /* ResultsViewController.swift */ = {isa = PBXFileReference; lastKnownFileType = sourcecode.swift; path = ResultsViewController.swift; sourceTree = "<group>"; };
		6E0EF6C0255DAD3600939B0B /* NeedActivityData.swift */ = {isa = PBXFileReference; lastKnownFileType = sourcecode.swift; path = NeedActivityData.swift; sourceTree = "<group>"; };
		6E0EF6F1255EED1C00939B0B /* CalendarViewController.swift */ = {isa = PBXFileReference; lastKnownFileType = sourcecode.swift; path = CalendarViewController.swift; sourceTree = "<group>"; };
		6E0EF6F6255EED9600939B0B /* DatePickerController.swift */ = {isa = PBXFileReference; lastKnownFileType = sourcecode.swift; path = DatePickerController.swift; sourceTree = "<group>"; };
		6E184D7D2550F7890066EBC1 /* MHA.app */ = {isa = PBXFileReference; explicitFileType = wrapper.application; includeInIndex = 0; path = MHA.app; sourceTree = BUILT_PRODUCTS_DIR; };
		6E184D802550F7890066EBC1 /* AppDelegate.swift */ = {isa = PBXFileReference; lastKnownFileType = sourcecode.swift; path = AppDelegate.swift; sourceTree = "<group>"; };
		6E184D822550F7890066EBC1 /* SceneDelegate.swift */ = {isa = PBXFileReference; lastKnownFileType = sourcecode.swift; path = SceneDelegate.swift; sourceTree = "<group>"; };
		6E184D842550F7890066EBC1 /* WelcomeViewController.swift */ = {isa = PBXFileReference; lastKnownFileType = sourcecode.swift; path = WelcomeViewController.swift; sourceTree = "<group>"; };
		6E184D872550F7890066EBC1 /* Base */ = {isa = PBXFileReference; lastKnownFileType = file.storyboard; name = Base; path = Base.lproj/Main.storyboard; sourceTree = "<group>"; };
		6E184D8A2550F7890066EBC1 /* MHA.xcdatamodel */ = {isa = PBXFileReference; lastKnownFileType = wrapper.xcdatamodel; path = MHA.xcdatamodel; sourceTree = "<group>"; };
		6E184D8C2550F78C0066EBC1 /* Assets.xcassets */ = {isa = PBXFileReference; lastKnownFileType = folder.assetcatalog; path = Assets.xcassets; sourceTree = "<group>"; };
		6E184D8F2550F78D0066EBC1 /* Base */ = {isa = PBXFileReference; lastKnownFileType = file.storyboard; name = Base; path = Base.lproj/LaunchScreen.storyboard; sourceTree = "<group>"; };
		6E184D912550F78D0066EBC1 /* Info.plist */ = {isa = PBXFileReference; lastKnownFileType = text.plist.xml; path = Info.plist; sourceTree = "<group>"; };
		6E184D962550F78D0066EBC1 /* MHATests.xctest */ = {isa = PBXFileReference; explicitFileType = wrapper.cfbundle; includeInIndex = 0; path = MHATests.xctest; sourceTree = BUILT_PRODUCTS_DIR; };
		6E184D9A2550F78D0066EBC1 /* MHATests.swift */ = {isa = PBXFileReference; lastKnownFileType = sourcecode.swift; path = MHATests.swift; sourceTree = "<group>"; };
		6E184D9C2550F78D0066EBC1 /* Info.plist */ = {isa = PBXFileReference; lastKnownFileType = text.plist.xml; path = Info.plist; sourceTree = "<group>"; };
		6E184DA12550F78D0066EBC1 /* MHAUITests.xctest */ = {isa = PBXFileReference; explicitFileType = wrapper.cfbundle; includeInIndex = 0; path = MHAUITests.xctest; sourceTree = BUILT_PRODUCTS_DIR; };
		6E184DA52550F78D0066EBC1 /* MHAUITests.swift */ = {isa = PBXFileReference; lastKnownFileType = sourcecode.swift; path = MHAUITests.swift; sourceTree = "<group>"; };
		6E184DA72550F78D0066EBC1 /* Info.plist */ = {isa = PBXFileReference; lastKnownFileType = text.plist.xml; path = Info.plist; sourceTree = "<group>"; };
		6E184DB72550F9690066EBC1 /* RegisterViewController.swift */ = {isa = PBXFileReference; lastKnownFileType = sourcecode.swift; path = RegisterViewController.swift; sourceTree = "<group>"; };
		6E184DBF2550F9790066EBC1 /* SignInViewController.swift */ = {isa = PBXFileReference; lastKnownFileType = sourcecode.swift; path = SignInViewController.swift; sourceTree = "<group>"; };
		6E26884B25618F5200C45D21 /* ActivityTimePicker.swift */ = {isa = PBXFileReference; lastKnownFileType = sourcecode.swift; path = ActivityTimePicker.swift; sourceTree = "<group>"; };
		6E2688642564A2F300C45D21 /* SafetyView.swift */ = {isa = PBXFileReference; lastKnownFileType = sourcecode.swift; path = SafetyView.swift; sourceTree = "<group>"; };
		6E26886E2564A83B00C45D21 /* EsteemView.swift */ = {isa = PBXFileReference; lastKnownFileType = sourcecode.swift; path = EsteemView.swift; sourceTree = "<group>"; };
		6E2688732564B29D00C45D21 /* PhysiologicalView.swift */ = {isa = PBXFileReference; lastKnownFileType = sourcecode.swift; path = PhysiologicalView.swift; sourceTree = "<group>"; };
		6E26887B2564B35900C45D21 /* SelfActualizationView.swift */ = {isa = PBXFileReference; fileEncoding = 4; lastKnownFileType = sourcecode.swift; path = SelfActualizationView.swift; sourceTree = "<group>"; };
		6E26888E2564C87200C45D21 /* LoveView.swift */ = {isa = PBXFileReference; lastKnownFileType = sourcecode.swift; path = LoveView.swift; sourceTree = "<group>"; };
		6E2688BF25672E9000C45D21 /* NeedDetailViewController.swift */ = {isa = PBXFileReference; lastKnownFileType = sourcecode.swift; path = NeedDetailViewController.swift; sourceTree = "<group>"; };
		6E2939622551EA7600D7991D /* GoogleService-Info.plist */ = {isa = PBXFileReference; fileEncoding = 4; lastKnownFileType = text.plist.xml; path = "GoogleService-Info.plist"; sourceTree = "<group>"; };
		6E3B859E2557A9EC009996FF /* Activity.swift */ = {isa = PBXFileReference; lastKnownFileType = sourcecode.swift; path = Activity.swift; sourceTree = "<group>"; };
		6E78E94F255A2F4700A61966 /* UserInputViewController.swift */ = {isa = PBXFileReference; lastKnownFileType = sourcecode.swift; path = UserInputViewController.swift; sourceTree = "<group>"; };
		6E78E972255A4BD200A61966 /* FlashCardView.swift */ = {isa = PBXFileReference; lastKnownFileType = sourcecode.swift; path = FlashCardView.swift; sourceTree = "<group>"; };
		6E78E987255B359600A61966 /* Need.swift */ = {isa = PBXFileReference; lastKnownFileType = sourcecode.swift; path = Need.swift; sourceTree = "<group>"; };
		6EF7BE2B25547CD400280738 /* Utils.swift */ = {isa = PBXFileReference; lastKnownFileType = sourcecode.swift; path = Utils.swift; sourceTree = "<group>"; };
		954FC1E411D6C6FB07DC3A8F /* Pods-MHA-MHAUITests.debug.xcconfig */ = {isa = PBXFileReference; includeInIndex = 1; lastKnownFileType = text.xcconfig; name = "Pods-MHA-MHAUITests.debug.xcconfig"; path = "Target Support Files/Pods-MHA-MHAUITests/Pods-MHA-MHAUITests.debug.xcconfig"; sourceTree = "<group>"; };
		C88933F4A865AACA17E57391 /* Pods-MHATests.release.xcconfig */ = {isa = PBXFileReference; includeInIndex = 1; lastKnownFileType = text.xcconfig; name = "Pods-MHATests.release.xcconfig"; path = "Target Support Files/Pods-MHATests/Pods-MHATests.release.xcconfig"; sourceTree = "<group>"; };
		CF89F68AFF3EB5538800AFD6 /* Pods-MHA.release.xcconfig */ = {isa = PBXFileReference; includeInIndex = 1; lastKnownFileType = text.xcconfig; name = "Pods-MHA.release.xcconfig"; path = "Target Support Files/Pods-MHA/Pods-MHA.release.xcconfig"; sourceTree = "<group>"; };
/* End PBXFileReference section */

/* Begin PBXFrameworksBuildPhase section */
		6E184D7A2550F7890066EBC1 /* Frameworks */ = {
			isa = PBXFrameworksBuildPhase;
			buildActionMask = 2147483647;
			files = (
				1696A593ED4E9B3BEBE7919D /* Pods_MHA.framework in Frameworks */,
			);
			runOnlyForDeploymentPostprocessing = 0;
		};
		6E184D932550F78D0066EBC1 /* Frameworks */ = {
			isa = PBXFrameworksBuildPhase;
			buildActionMask = 2147483647;
			files = (
				94FC146E167BF2F1D30C3470 /* Pods_MHATests.framework in Frameworks */,
			);
			runOnlyForDeploymentPostprocessing = 0;
		};
		6E184D9E2550F78D0066EBC1 /* Frameworks */ = {
			isa = PBXFrameworksBuildPhase;
			buildActionMask = 2147483647;
			files = (
				D397B2508FB565F065BE0EDD /* Pods_MHA_MHAUITests.framework in Frameworks */,
			);
			runOnlyForDeploymentPostprocessing = 0;
		};
/* End PBXFrameworksBuildPhase section */

/* Begin PBXGroup section */
		6E184D742550F7890066EBC1 = {
			isa = PBXGroup;
			children = (
				6E184D7F2550F7890066EBC1 /* MHA */,
				6E184D992550F78D0066EBC1 /* MHATests */,
				6E184DA42550F78D0066EBC1 /* MHAUITests */,
				6E184D7E2550F7890066EBC1 /* Products */,
				B9317ED2705AC95BABC6429E /* Pods */,
				8A44FBA630A7498551603F33 /* Frameworks */,
			);
			sourceTree = "<group>";
		};
		6E184D7E2550F7890066EBC1 /* Products */ = {
			isa = PBXGroup;
			children = (
				6E184D7D2550F7890066EBC1 /* MHA.app */,
				6E184D962550F78D0066EBC1 /* MHATests.xctest */,
				6E184DA12550F78D0066EBC1 /* MHAUITests.xctest */,
			);
			name = Products;
			sourceTree = "<group>";
		};
		6E184D7F2550F7890066EBC1 /* MHA */ = {
			isa = PBXGroup;
			children = (
				6E184D802550F7890066EBC1 /* AppDelegate.swift */,
				6E184D822550F7890066EBC1 /* SceneDelegate.swift */,
				6EF7BE2A25547C9D00280738 /* Utils */,
				6E2939A92552254100D7991D /* Models */,
				6E184DB62550F94D0066EBC1 /* Controllers */,
				6E2939EF2552FC7A00D7991D /* Views */,
				6E184D8C2550F78C0066EBC1 /* Assets.xcassets */,
				6E184D8E2550F78D0066EBC1 /* LaunchScreen.storyboard */,
				6E184D912550F78D0066EBC1 /* Info.plist */,
				6E2939622551EA7600D7991D /* GoogleService-Info.plist */,
				6E184D892550F7890066EBC1 /* MHA.xcdatamodeld */,
			);
			path = MHA;
			sourceTree = "<group>";
		};
		6E184D992550F78D0066EBC1 /* MHATests */ = {
			isa = PBXGroup;
			children = (
				6E184D9A2550F78D0066EBC1 /* MHATests.swift */,
				6E184D9C2550F78D0066EBC1 /* Info.plist */,
			);
			path = MHATests;
			sourceTree = "<group>";
		};
		6E184DA42550F78D0066EBC1 /* MHAUITests */ = {
			isa = PBXGroup;
			children = (
				6E184DA52550F78D0066EBC1 /* MHAUITests.swift */,
				6E184DA72550F78D0066EBC1 /* Info.plist */,
			);
			path = MHAUITests;
			sourceTree = "<group>";
		};
		6E184DB62550F94D0066EBC1 /* Controllers */ = {
			isa = PBXGroup;
			children = (
				6E184D842550F7890066EBC1 /* WelcomeViewController.swift */,
				6E0EF6F1255EED1C00939B0B /* CalendarViewController.swift */,
				6E0EF6F6255EED9600939B0B /* DatePickerController.swift */,
				6E184DB72550F9690066EBC1 /* RegisterViewController.swift */,
				6E184DBF2550F9790066EBC1 /* SignInViewController.swift */,
				6E78E94F255A2F4700A61966 /* UserInputViewController.swift */,
				6E26884B25618F5200C45D21 /* ActivityTimePicker.swift */,
				6E0EF6B9255DA3A600939B0B /* ResultsViewController.swift */,
				6E26887B2564B35900C45D21 /* SelfActualizationView.swift */,
				6E26886E2564A83B00C45D21 /* EsteemView.swift */,
				6E26888E2564C87200C45D21 /* LoveView.swift */,
				6E2688BF25672E9000C45D21 /* NeedDetailViewController.swift */,
				6E2688642564A2F300C45D21 /* SafetyView.swift */,
				6E2688732564B29D00C45D21 /* PhysiologicalView.swift */,
			);
			path = Controllers;
			sourceTree = "<group>";
		};
		6E2939A92552254100D7991D /* Models */ = {
			isa = PBXGroup;
			children = (
				6E78E987255B359600A61966 /* Need.swift */,
				6E0EF685255C830000939B0B /* NeedActivity.swift */,
				6E0EF6C0255DAD3600939B0B /* NeedActivityData.swift */,
				6E0EF680255C3D7A00939B0B /* NeedData.swift */,
				6E3B859E2557A9EC009996FF /* Activity.swift */,
			);
			path = Models;
			sourceTree = "<group>";
		};
		6E2939EF2552FC7A00D7991D /* Views */ = {
			isa = PBXGroup;
			children = (
				6E184D862550F7890066EBC1 /* Main.storyboard */,
				6E78E972255A4BD200A61966 /* FlashCardView.swift */,
			);
			path = Views;
			sourceTree = "<group>";
		};
		6EF7BE2A25547C9D00280738 /* Utils */ = {
			isa = PBXGroup;
			children = (
				6EF7BE2B25547CD400280738 /* Utils.swift */,
			);
			path = Utils;
			sourceTree = "<group>";
		};
		8A44FBA630A7498551603F33 /* Frameworks */ = {
			isa = PBXGroup;
			children = (
				57D2A40651A2509AE142A443 /* Pods_MHA.framework */,
				2441BEC56B3BD9F3CECD7CBE /* Pods_MHA_MHAUITests.framework */,
				13A23000716A2A40A3E4C14F /* Pods_MHATests.framework */,
			);
			name = Frameworks;
			sourceTree = "<group>";
		};
		B9317ED2705AC95BABC6429E /* Pods */ = {
			isa = PBXGroup;
			children = (
				21498DDCE1233544F9B43E5E /* Pods-MHA.debug.xcconfig */,
				CF89F68AFF3EB5538800AFD6 /* Pods-MHA.release.xcconfig */,
				954FC1E411D6C6FB07DC3A8F /* Pods-MHA-MHAUITests.debug.xcconfig */,
				517CE70CF4182B41D339DF06 /* Pods-MHA-MHAUITests.release.xcconfig */,
				52F68A912BDC5AD790E9A127 /* Pods-MHATests.debug.xcconfig */,
				C88933F4A865AACA17E57391 /* Pods-MHATests.release.xcconfig */,
			);
			path = Pods;
			sourceTree = "<group>";
		};
/* End PBXGroup section */

/* Begin PBXNativeTarget section */
		6E184D7C2550F7890066EBC1 /* MHA */ = {
			isa = PBXNativeTarget;
			buildConfigurationList = 6E184DAA2550F78D0066EBC1 /* Build configuration list for PBXNativeTarget "MHA" */;
			buildPhases = (
				06CA855E324BCDD696A75D54 /* [CP] Check Pods Manifest.lock */,
				6E184D792550F7890066EBC1 /* Sources */,
				6E184D7A2550F7890066EBC1 /* Frameworks */,
				6E184D7B2550F7890066EBC1 /* Resources */,
				86B3AE0E9692B987FD495437 /* [CP] Embed Pods Frameworks */,
			);
			buildRules = (
			);
			dependencies = (
			);
			name = MHA;
			productName = MHA;
			productReference = 6E184D7D2550F7890066EBC1 /* MHA.app */;
			productType = "com.apple.product-type.application";
		};
		6E184D952550F78D0066EBC1 /* MHATests */ = {
			isa = PBXNativeTarget;
			buildConfigurationList = 6E184DAD2550F78D0066EBC1 /* Build configuration list for PBXNativeTarget "MHATests" */;
			buildPhases = (
				92895969235758DF48BEBF19 /* [CP] Check Pods Manifest.lock */,
				6E184D922550F78D0066EBC1 /* Sources */,
				6E184D932550F78D0066EBC1 /* Frameworks */,
				6E184D942550F78D0066EBC1 /* Resources */,
			);
			buildRules = (
			);
			dependencies = (
				6E184D982550F78D0066EBC1 /* PBXTargetDependency */,
			);
			name = MHATests;
			productName = MHATests;
			productReference = 6E184D962550F78D0066EBC1 /* MHATests.xctest */;
			productType = "com.apple.product-type.bundle.unit-test";
		};
		6E184DA02550F78D0066EBC1 /* MHAUITests */ = {
			isa = PBXNativeTarget;
			buildConfigurationList = 6E184DB02550F78D0066EBC1 /* Build configuration list for PBXNativeTarget "MHAUITests" */;
			buildPhases = (
				38F5CF89DF4C1B4B90C6B32B /* [CP] Check Pods Manifest.lock */,
				6E184D9D2550F78D0066EBC1 /* Sources */,
				6E184D9E2550F78D0066EBC1 /* Frameworks */,
				6E184D9F2550F78D0066EBC1 /* Resources */,
				F2975D92BF4872A7A33C585D /* [CP] Embed Pods Frameworks */,
			);
			buildRules = (
			);
			dependencies = (
				6E184DA32550F78D0066EBC1 /* PBXTargetDependency */,
			);
			name = MHAUITests;
			productName = MHAUITests;
			productReference = 6E184DA12550F78D0066EBC1 /* MHAUITests.xctest */;
			productType = "com.apple.product-type.bundle.ui-testing";
		};
/* End PBXNativeTarget section */

/* Begin PBXProject section */
		6E184D752550F7890066EBC1 /* Project object */ = {
			isa = PBXProject;
			attributes = {
				LastSwiftUpdateCheck = 1210;
				LastUpgradeCheck = 1210;
				TargetAttributes = {
					6E184D7C2550F7890066EBC1 = {
						CreatedOnToolsVersion = 12.1;
					};
					6E184D952550F78D0066EBC1 = {
						CreatedOnToolsVersion = 12.1;
						TestTargetID = 6E184D7C2550F7890066EBC1;
					};
					6E184DA02550F78D0066EBC1 = {
						CreatedOnToolsVersion = 12.1;
						TestTargetID = 6E184D7C2550F7890066EBC1;
					};
				};
			};
			buildConfigurationList = 6E184D782550F7890066EBC1 /* Build configuration list for PBXProject "MHA" */;
			compatibilityVersion = "Xcode 9.3";
			developmentRegion = en;
			hasScannedForEncodings = 0;
			knownRegions = (
				en,
				Base,
			);
			mainGroup = 6E184D742550F7890066EBC1;
			productRefGroup = 6E184D7E2550F7890066EBC1 /* Products */;
			projectDirPath = "";
			projectRoot = "";
			targets = (
				6E184D7C2550F7890066EBC1 /* MHA */,
				6E184D952550F78D0066EBC1 /* MHATests */,
				6E184DA02550F78D0066EBC1 /* MHAUITests */,
			);
		};
/* End PBXProject section */

/* Begin PBXResourcesBuildPhase section */
		6E184D7B2550F7890066EBC1 /* Resources */ = {
			isa = PBXResourcesBuildPhase;
			buildActionMask = 2147483647;
			files = (
				6E184D902550F78D0066EBC1 /* LaunchScreen.storyboard in Resources */,
				6E2939632551EA7700D7991D /* GoogleService-Info.plist in Resources */,
				6E184D8D2550F78C0066EBC1 /* Assets.xcassets in Resources */,
				6E184D882550F7890066EBC1 /* Main.storyboard in Resources */,
			);
			runOnlyForDeploymentPostprocessing = 0;
		};
		6E184D942550F78D0066EBC1 /* Resources */ = {
			isa = PBXResourcesBuildPhase;
			buildActionMask = 2147483647;
			files = (
			);
			runOnlyForDeploymentPostprocessing = 0;
		};
		6E184D9F2550F78D0066EBC1 /* Resources */ = {
			isa = PBXResourcesBuildPhase;
			buildActionMask = 2147483647;
			files = (
			);
			runOnlyForDeploymentPostprocessing = 0;
		};
/* End PBXResourcesBuildPhase section */

/* Begin PBXShellScriptBuildPhase section */
		06CA855E324BCDD696A75D54 /* [CP] Check Pods Manifest.lock */ = {
			isa = PBXShellScriptBuildPhase;
			buildActionMask = 2147483647;
			files = (
			);
			inputFileListPaths = (
			);
			inputPaths = (
				"${PODS_PODFILE_DIR_PATH}/Podfile.lock",
				"${PODS_ROOT}/Manifest.lock",
			);
			name = "[CP] Check Pods Manifest.lock";
			outputFileListPaths = (
			);
			outputPaths = (
				"$(DERIVED_FILE_DIR)/Pods-MHA-checkManifestLockResult.txt",
			);
			runOnlyForDeploymentPostprocessing = 0;
			shellPath = /bin/sh;
			shellScript = "diff \"${PODS_PODFILE_DIR_PATH}/Podfile.lock\" \"${PODS_ROOT}/Manifest.lock\" > /dev/null\nif [ $? != 0 ] ; then\n    # print error to STDERR\n    echo \"error: The sandbox is not in sync with the Podfile.lock. Run 'pod install' or update your CocoaPods installation.\" >&2\n    exit 1\nfi\n# This output is used by Xcode 'outputs' to avoid re-running this script phase.\necho \"SUCCESS\" > \"${SCRIPT_OUTPUT_FILE_0}\"\n";
			showEnvVarsInLog = 0;
		};
		38F5CF89DF4C1B4B90C6B32B /* [CP] Check Pods Manifest.lock */ = {
			isa = PBXShellScriptBuildPhase;
			buildActionMask = 2147483647;
			files = (
			);
			inputFileListPaths = (
			);
			inputPaths = (
				"${PODS_PODFILE_DIR_PATH}/Podfile.lock",
				"${PODS_ROOT}/Manifest.lock",
			);
			name = "[CP] Check Pods Manifest.lock";
			outputFileListPaths = (
			);
			outputPaths = (
				"$(DERIVED_FILE_DIR)/Pods-MHA-MHAUITests-checkManifestLockResult.txt",
			);
			runOnlyForDeploymentPostprocessing = 0;
			shellPath = /bin/sh;
			shellScript = "diff \"${PODS_PODFILE_DIR_PATH}/Podfile.lock\" \"${PODS_ROOT}/Manifest.lock\" > /dev/null\nif [ $? != 0 ] ; then\n    # print error to STDERR\n    echo \"error: The sandbox is not in sync with the Podfile.lock. Run 'pod install' or update your CocoaPods installation.\" >&2\n    exit 1\nfi\n# This output is used by Xcode 'outputs' to avoid re-running this script phase.\necho \"SUCCESS\" > \"${SCRIPT_OUTPUT_FILE_0}\"\n";
			showEnvVarsInLog = 0;
		};
		86B3AE0E9692B987FD495437 /* [CP] Embed Pods Frameworks */ = {
			isa = PBXShellScriptBuildPhase;
			buildActionMask = 2147483647;
			files = (
			);
			inputFileListPaths = (
				"${PODS_ROOT}/Target Support Files/Pods-MHA/Pods-MHA-frameworks-${CONFIGURATION}-input-files.xcfilelist",
			);
			name = "[CP] Embed Pods Frameworks";
			outputFileListPaths = (
				"${PODS_ROOT}/Target Support Files/Pods-MHA/Pods-MHA-frameworks-${CONFIGURATION}-output-files.xcfilelist",
			);
			runOnlyForDeploymentPostprocessing = 0;
			shellPath = /bin/sh;
			shellScript = "\"${PODS_ROOT}/Target Support Files/Pods-MHA/Pods-MHA-frameworks.sh\"\n";
			showEnvVarsInLog = 0;
		};
		92895969235758DF48BEBF19 /* [CP] Check Pods Manifest.lock */ = {
			isa = PBXShellScriptBuildPhase;
			buildActionMask = 2147483647;
			files = (
			);
			inputFileListPaths = (
			);
			inputPaths = (
				"${PODS_PODFILE_DIR_PATH}/Podfile.lock",
				"${PODS_ROOT}/Manifest.lock",
			);
			name = "[CP] Check Pods Manifest.lock";
			outputFileListPaths = (
			);
			outputPaths = (
				"$(DERIVED_FILE_DIR)/Pods-MHATests-checkManifestLockResult.txt",
			);
			runOnlyForDeploymentPostprocessing = 0;
			shellPath = /bin/sh;
			shellScript = "diff \"${PODS_PODFILE_DIR_PATH}/Podfile.lock\" \"${PODS_ROOT}/Manifest.lock\" > /dev/null\nif [ $? != 0 ] ; then\n    # print error to STDERR\n    echo \"error: The sandbox is not in sync with the Podfile.lock. Run 'pod install' or update your CocoaPods installation.\" >&2\n    exit 1\nfi\n# This output is used by Xcode 'outputs' to avoid re-running this script phase.\necho \"SUCCESS\" > \"${SCRIPT_OUTPUT_FILE_0}\"\n";
			showEnvVarsInLog = 0;
		};
		F2975D92BF4872A7A33C585D /* [CP] Embed Pods Frameworks */ = {
			isa = PBXShellScriptBuildPhase;
			buildActionMask = 2147483647;
			files = (
			);
			inputFileListPaths = (
				"${PODS_ROOT}/Target Support Files/Pods-MHA-MHAUITests/Pods-MHA-MHAUITests-frameworks-${CONFIGURATION}-input-files.xcfilelist",
			);
			name = "[CP] Embed Pods Frameworks";
			outputFileListPaths = (
				"${PODS_ROOT}/Target Support Files/Pods-MHA-MHAUITests/Pods-MHA-MHAUITests-frameworks-${CONFIGURATION}-output-files.xcfilelist",
			);
			runOnlyForDeploymentPostprocessing = 0;
			shellPath = /bin/sh;
			shellScript = "\"${PODS_ROOT}/Target Support Files/Pods-MHA-MHAUITests/Pods-MHA-MHAUITests-frameworks.sh\"\n";
			showEnvVarsInLog = 0;
		};
/* End PBXShellScriptBuildPhase section */

/* Begin PBXSourcesBuildPhase section */
		6E184D792550F7890066EBC1 /* Sources */ = {
			isa = PBXSourcesBuildPhase;
			buildActionMask = 2147483647;
			files = (
				6E2688742564B29D00C45D21 /* PhysiologicalView.swift in Sources */,
				6E0EF6F2255EED1C00939B0B /* CalendarViewController.swift in Sources */,
				6E3B859F2557A9EC009996FF /* Activity.swift in Sources */,
				6E26888F2564C87200C45D21 /* LoveView.swift in Sources */,
				6E0EF6C1255DAD3600939B0B /* NeedActivityData.swift in Sources */,
				6E184DC02550F9790066EBC1 /* SignInViewController.swift in Sources */,
				6E26884C25618F5200C45D21 /* ActivityTimePicker.swift in Sources */,
				6E78E973255A4BD200A61966 /* FlashCardView.swift in Sources */,
				6E78E988255B359600A61966 /* Need.swift in Sources */,
				6E184D852550F7890066EBC1 /* WelcomeViewController.swift in Sources */,
				6E184DB82550F9690066EBC1 /* RegisterViewController.swift in Sources */,
				6E78E950255A2F4700A61966 /* UserInputViewController.swift in Sources */,
				6E184D812550F7890066EBC1 /* AppDelegate.swift in Sources */,
				6E0EF6F7255EED9600939B0B /* DatePickerController.swift in Sources */,
				6E26886F2564A83B00C45D21 /* EsteemView.swift in Sources */,
				6EF7BE2C25547CD400280738 /* Utils.swift in Sources */,
				6E0EF686255C830000939B0B /* NeedActivity.swift in Sources */,
				6E2688C025672E9000C45D21 /* NeedDetailViewController.swift in Sources */,
				6E26887C2564B35900C45D21 /* SelfActualizationView.swift in Sources */,
				6E184D8B2550F7890066EBC1 /* MHA.xcdatamodeld in Sources */,
				6E184D832550F7890066EBC1 /* SceneDelegate.swift in Sources */,
				6E0EF681255C3D7A00939B0B /* NeedData.swift in Sources */,
				6E2688652564A2F300C45D21 /* SafetyView.swift in Sources */,
				6E0EF6BA255DA3A700939B0B /* ResultsViewController.swift in Sources */,
			);
			runOnlyForDeploymentPostprocessing = 0;
		};
		6E184D922550F78D0066EBC1 /* Sources */ = {
			isa = PBXSourcesBuildPhase;
			buildActionMask = 2147483647;
			files = (
				6E184D9B2550F78D0066EBC1 /* MHATests.swift in Sources */,
			);
			runOnlyForDeploymentPostprocessing = 0;
		};
		6E184D9D2550F78D0066EBC1 /* Sources */ = {
			isa = PBXSourcesBuildPhase;
			buildActionMask = 2147483647;
			files = (
				6E184DA62550F78D0066EBC1 /* MHAUITests.swift in Sources */,
			);
			runOnlyForDeploymentPostprocessing = 0;
		};
/* End PBXSourcesBuildPhase section */

/* Begin PBXTargetDependency section */
		6E184D982550F78D0066EBC1 /* PBXTargetDependency */ = {
			isa = PBXTargetDependency;
			target = 6E184D7C2550F7890066EBC1 /* MHA */;
			targetProxy = 6E184D972550F78D0066EBC1 /* PBXContainerItemProxy */;
		};
		6E184DA32550F78D0066EBC1 /* PBXTargetDependency */ = {
			isa = PBXTargetDependency;
			target = 6E184D7C2550F7890066EBC1 /* MHA */;
			targetProxy = 6E184DA22550F78D0066EBC1 /* PBXContainerItemProxy */;
		};
/* End PBXTargetDependency section */

/* Begin PBXVariantGroup section */
		6E184D862550F7890066EBC1 /* Main.storyboard */ = {
			isa = PBXVariantGroup;
			children = (
				6E184D872550F7890066EBC1 /* Base */,
			);
			name = Main.storyboard;
			sourceTree = "<group>";
		};
		6E184D8E2550F78D0066EBC1 /* LaunchScreen.storyboard */ = {
			isa = PBXVariantGroup;
			children = (
				6E184D8F2550F78D0066EBC1 /* Base */,
			);
			name = LaunchScreen.storyboard;
			sourceTree = "<group>";
		};
/* End PBXVariantGroup section */

/* Begin XCBuildConfiguration section */
		6E184DA82550F78D0066EBC1 /* Debug */ = {
			isa = XCBuildConfiguration;
			buildSettings = {
				ALWAYS_SEARCH_USER_PATHS = NO;
				CLANG_ANALYZER_NONNULL = YES;
				CLANG_ANALYZER_NUMBER_OBJECT_CONVERSION = YES_AGGRESSIVE;
				CLANG_CXX_LANGUAGE_STANDARD = "gnu++14";
				CLANG_CXX_LIBRARY = "libc++";
				CLANG_ENABLE_MODULES = YES;
				CLANG_ENABLE_OBJC_ARC = YES;
				CLANG_ENABLE_OBJC_WEAK = YES;
				CLANG_WARN_BLOCK_CAPTURE_AUTORELEASING = YES;
				CLANG_WARN_BOOL_CONVERSION = YES;
				CLANG_WARN_COMMA = YES;
				CLANG_WARN_CONSTANT_CONVERSION = YES;
				CLANG_WARN_DEPRECATED_OBJC_IMPLEMENTATIONS = YES;
				CLANG_WARN_DIRECT_OBJC_ISA_USAGE = YES_ERROR;
				CLANG_WARN_DOCUMENTATION_COMMENTS = YES;
				CLANG_WARN_EMPTY_BODY = YES;
				CLANG_WARN_ENUM_CONVERSION = YES;
				CLANG_WARN_INFINITE_RECURSION = YES;
				CLANG_WARN_INT_CONVERSION = YES;
				CLANG_WARN_NON_LITERAL_NULL_CONVERSION = YES;
				CLANG_WARN_OBJC_IMPLICIT_RETAIN_SELF = YES;
				CLANG_WARN_OBJC_LITERAL_CONVERSION = YES;
				CLANG_WARN_OBJC_ROOT_CLASS = YES_ERROR;
				CLANG_WARN_QUOTED_INCLUDE_IN_FRAMEWORK_HEADER = YES;
				CLANG_WARN_RANGE_LOOP_ANALYSIS = YES;
				CLANG_WARN_STRICT_PROTOTYPES = YES;
				CLANG_WARN_SUSPICIOUS_MOVE = YES;
				CLANG_WARN_UNGUARDED_AVAILABILITY = YES_AGGRESSIVE;
				CLANG_WARN_UNREACHABLE_CODE = YES;
				CLANG_WARN__DUPLICATE_METHOD_MATCH = YES;
				COPY_PHASE_STRIP = NO;
				DEBUG_INFORMATION_FORMAT = dwarf;
				ENABLE_STRICT_OBJC_MSGSEND = YES;
				ENABLE_TESTABILITY = YES;
				GCC_C_LANGUAGE_STANDARD = gnu11;
				GCC_DYNAMIC_NO_PIC = NO;
				GCC_NO_COMMON_BLOCKS = YES;
				GCC_OPTIMIZATION_LEVEL = 0;
				GCC_PREPROCESSOR_DEFINITIONS = (
					"DEBUG=1",
					"$(inherited)",
				);
				GCC_WARN_64_TO_32_BIT_CONVERSION = YES;
				GCC_WARN_ABOUT_RETURN_TYPE = YES_ERROR;
				GCC_WARN_UNDECLARED_SELECTOR = YES;
				GCC_WARN_UNINITIALIZED_AUTOS = YES_AGGRESSIVE;
				GCC_WARN_UNUSED_FUNCTION = YES;
				GCC_WARN_UNUSED_VARIABLE = YES;
				IPHONEOS_DEPLOYMENT_TARGET = 14.1;
				MTL_ENABLE_DEBUG_INFO = INCLUDE_SOURCE;
				MTL_FAST_MATH = YES;
				ONLY_ACTIVE_ARCH = YES;
				SDKROOT = iphoneos;
				SWIFT_ACTIVE_COMPILATION_CONDITIONS = DEBUG;
				SWIFT_OPTIMIZATION_LEVEL = "-Onone";
			};
			name = Debug;
		};
		6E184DA92550F78D0066EBC1 /* Release */ = {
			isa = XCBuildConfiguration;
			buildSettings = {
				ALWAYS_SEARCH_USER_PATHS = NO;
				CLANG_ANALYZER_NONNULL = YES;
				CLANG_ANALYZER_NUMBER_OBJECT_CONVERSION = YES_AGGRESSIVE;
				CLANG_CXX_LANGUAGE_STANDARD = "gnu++14";
				CLANG_CXX_LIBRARY = "libc++";
				CLANG_ENABLE_MODULES = YES;
				CLANG_ENABLE_OBJC_ARC = YES;
				CLANG_ENABLE_OBJC_WEAK = YES;
				CLANG_WARN_BLOCK_CAPTURE_AUTORELEASING = YES;
				CLANG_WARN_BOOL_CONVERSION = YES;
				CLANG_WARN_COMMA = YES;
				CLANG_WARN_CONSTANT_CONVERSION = YES;
				CLANG_WARN_DEPRECATED_OBJC_IMPLEMENTATIONS = YES;
				CLANG_WARN_DIRECT_OBJC_ISA_USAGE = YES_ERROR;
				CLANG_WARN_DOCUMENTATION_COMMENTS = YES;
				CLANG_WARN_EMPTY_BODY = YES;
				CLANG_WARN_ENUM_CONVERSION = YES;
				CLANG_WARN_INFINITE_RECURSION = YES;
				CLANG_WARN_INT_CONVERSION = YES;
				CLANG_WARN_NON_LITERAL_NULL_CONVERSION = YES;
				CLANG_WARN_OBJC_IMPLICIT_RETAIN_SELF = YES;
				CLANG_WARN_OBJC_LITERAL_CONVERSION = YES;
				CLANG_WARN_OBJC_ROOT_CLASS = YES_ERROR;
				CLANG_WARN_QUOTED_INCLUDE_IN_FRAMEWORK_HEADER = YES;
				CLANG_WARN_RANGE_LOOP_ANALYSIS = YES;
				CLANG_WARN_STRICT_PROTOTYPES = YES;
				CLANG_WARN_SUSPICIOUS_MOVE = YES;
				CLANG_WARN_UNGUARDED_AVAILABILITY = YES_AGGRESSIVE;
				CLANG_WARN_UNREACHABLE_CODE = YES;
				CLANG_WARN__DUPLICATE_METHOD_MATCH = YES;
				COPY_PHASE_STRIP = NO;
				DEBUG_INFORMATION_FORMAT = "dwarf-with-dsym";
				ENABLE_NS_ASSERTIONS = NO;
				ENABLE_STRICT_OBJC_MSGSEND = YES;
				GCC_C_LANGUAGE_STANDARD = gnu11;
				GCC_NO_COMMON_BLOCKS = YES;
				GCC_WARN_64_TO_32_BIT_CONVERSION = YES;
				GCC_WARN_ABOUT_RETURN_TYPE = YES_ERROR;
				GCC_WARN_UNDECLARED_SELECTOR = YES;
				GCC_WARN_UNINITIALIZED_AUTOS = YES_AGGRESSIVE;
				GCC_WARN_UNUSED_FUNCTION = YES;
				GCC_WARN_UNUSED_VARIABLE = YES;
				IPHONEOS_DEPLOYMENT_TARGET = 14.1;
				MTL_ENABLE_DEBUG_INFO = NO;
				MTL_FAST_MATH = YES;
				SDKROOT = iphoneos;
				SWIFT_COMPILATION_MODE = wholemodule;
				SWIFT_OPTIMIZATION_LEVEL = "-O";
				VALIDATE_PRODUCT = YES;
			};
			name = Release;
		};
		6E184DAB2550F78D0066EBC1 /* Debug */ = {
			isa = XCBuildConfiguration;
			baseConfigurationReference = 21498DDCE1233544F9B43E5E /* Pods-MHA.debug.xcconfig */;
			buildSettings = {
				ASSETCATALOG_COMPILER_APPICON_NAME = AppIcon;
				ASSETCATALOG_COMPILER_GLOBAL_ACCENT_COLOR_NAME = AccentColor;
				CODE_SIGN_IDENTITY = "iPhone Developer";
				CODE_SIGN_STYLE = Automatic;
				DEVELOPMENT_TEAM = Z8DZSB47AA;
				HEADER_SEARCH_PATHS = "${inherited}";
				INFOPLIST_FILE = MHA/Info.plist;
				LD_RUNPATH_SEARCH_PATHS = (
					"$(inherited)",
					"@executable_path/Frameworks",
				);
				PRODUCT_BUNDLE_IDENTIFIER = com.zybo.MHA;
				PRODUCT_NAME = "$(TARGET_NAME)";
				PROVISIONING_PROFILE_SPECIFIER = "";
				SWIFT_VERSION = 5.0;
				TARGETED_DEVICE_FAMILY = "1,2";
			};
			name = Debug;
		};
		6E184DAC2550F78D0066EBC1 /* Release */ = {
			isa = XCBuildConfiguration;
			baseConfigurationReference = CF89F68AFF3EB5538800AFD6 /* Pods-MHA.release.xcconfig */;
			buildSettings = {
				ASSETCATALOG_COMPILER_APPICON_NAME = AppIcon;
				ASSETCATALOG_COMPILER_GLOBAL_ACCENT_COLOR_NAME = AccentColor;
				CODE_SIGN_IDENTITY = "iPhone Developer";
				CODE_SIGN_STYLE = Automatic;
				DEVELOPMENT_TEAM = Z8DZSB47AA;
				HEADER_SEARCH_PATHS = "${inherited}";
				INFOPLIST_FILE = MHA/Info.plist;
				LD_RUNPATH_SEARCH_PATHS = (
					"$(inherited)",
					"@executable_path/Frameworks",
				);
				PRODUCT_BUNDLE_IDENTIFIER = com.zybo.MHA;
				PRODUCT_NAME = "$(TARGET_NAME)";
				PROVISIONING_PROFILE_SPECIFIER = "";
				SWIFT_VERSION = 5.0;
				TARGETED_DEVICE_FAMILY = "1,2";
			};
			name = Release;
		};
		6E184DAE2550F78D0066EBC1 /* Debug */ = {
			isa = XCBuildConfiguration;
			baseConfigurationReference = 52F68A912BDC5AD790E9A127 /* Pods-MHATests.debug.xcconfig */;
			buildSettings = {
				ALWAYS_EMBED_SWIFT_STANDARD_LIBRARIES = YES;
				BUNDLE_LOADER = "$(TEST_HOST)";
				CODE_SIGN_STYLE = Automatic;
				DEVELOPMENT_TEAM = Z8DZSB47AA;
				INFOPLIST_FILE = MHATests/Info.plist;
				IPHONEOS_DEPLOYMENT_TARGET = 14.1;
				LD_RUNPATH_SEARCH_PATHS = (
					"$(inherited)",
					"@executable_path/Frameworks",
					"@loader_path/Frameworks",
				);
				PRODUCT_BUNDLE_IDENTIFIER = com.zybo.MHATests;
				PRODUCT_NAME = "$(TARGET_NAME)";
				SWIFT_VERSION = 5.0;
				TARGETED_DEVICE_FAMILY = "1,2";
				TEST_HOST = "$(BUILT_PRODUCTS_DIR)/MHA.app/MHA";
			};
			name = Debug;
		};
		6E184DAF2550F78D0066EBC1 /* Release */ = {
			isa = XCBuildConfiguration;
			baseConfigurationReference = C88933F4A865AACA17E57391 /* Pods-MHATests.release.xcconfig */;
			buildSettings = {
				ALWAYS_EMBED_SWIFT_STANDARD_LIBRARIES = YES;
				BUNDLE_LOADER = "$(TEST_HOST)";
				CODE_SIGN_STYLE = Automatic;
				DEVELOPMENT_TEAM = Z8DZSB47AA;
				INFOPLIST_FILE = MHATests/Info.plist;
				IPHONEOS_DEPLOYMENT_TARGET = 14.1;
				LD_RUNPATH_SEARCH_PATHS = (
					"$(inherited)",
					"@executable_path/Frameworks",
					"@loader_path/Frameworks",
				);
				PRODUCT_BUNDLE_IDENTIFIER = com.zybo.MHATests;
				PRODUCT_NAME = "$(TARGET_NAME)";
				SWIFT_VERSION = 5.0;
				TARGETED_DEVICE_FAMILY = "1,2";
				TEST_HOST = "$(BUILT_PRODUCTS_DIR)/MHA.app/MHA";
			};
			name = Release;
		};
		6E184DB12550F78D0066EBC1 /* Debug */ = {
			isa = XCBuildConfiguration;
			baseConfigurationReference = 954FC1E411D6C6FB07DC3A8F /* Pods-MHA-MHAUITests.debug.xcconfig */;
			buildSettings = {
				ALWAYS_EMBED_SWIFT_STANDARD_LIBRARIES = YES;
				CODE_SIGN_STYLE = Automatic;
				DEVELOPMENT_TEAM = Z8DZSB47AA;
				INFOPLIST_FILE = MHAUITests/Info.plist;
				LD_RUNPATH_SEARCH_PATHS = (
					"$(inherited)",
					"@executable_path/Frameworks",
					"@loader_path/Frameworks",
				);
				PRODUCT_BUNDLE_IDENTIFIER = com.zybo.MHAUITests;
				PRODUCT_NAME = "$(TARGET_NAME)";
				SWIFT_VERSION = 5.0;
				TARGETED_DEVICE_FAMILY = "1,2";
				TEST_TARGET_NAME = MHA;
			};
			name = Debug;
		};
		6E184DB22550F78D0066EBC1 /* Release */ = {
			isa = XCBuildConfiguration;
			baseConfigurationReference = 517CE70CF4182B41D339DF06 /* Pods-MHA-MHAUITests.release.xcconfig */;
			buildSettings = {
				ALWAYS_EMBED_SWIFT_STANDARD_LIBRARIES = YES;
				CODE_SIGN_STYLE = Automatic;
				DEVELOPMENT_TEAM = Z8DZSB47AA;
				INFOPLIST_FILE = MHAUITests/Info.plist;
				LD_RUNPATH_SEARCH_PATHS = (
					"$(inherited)",
					"@executable_path/Frameworks",
					"@loader_path/Frameworks",
				);
				PRODUCT_BUNDLE_IDENTIFIER = com.zybo.MHAUITests;
				PRODUCT_NAME = "$(TARGET_NAME)";
				SWIFT_VERSION = 5.0;
				TARGETED_DEVICE_FAMILY = "1,2";
				TEST_TARGET_NAME = MHA;
			};
			name = Release;
		};
/* End XCBuildConfiguration section */

/* Begin XCConfigurationList section */
		6E184D782550F7890066EBC1 /* Build configuration list for PBXProject "MHA" */ = {
			isa = XCConfigurationList;
			buildConfigurations = (
				6E184DA82550F78D0066EBC1 /* Debug */,
				6E184DA92550F78D0066EBC1 /* Release */,
			);
			defaultConfigurationIsVisible = 0;
			defaultConfigurationName = Release;
		};
		6E184DAA2550F78D0066EBC1 /* Build configuration list for PBXNativeTarget "MHA" */ = {
			isa = XCConfigurationList;
			buildConfigurations = (
				6E184DAB2550F78D0066EBC1 /* Debug */,
				6E184DAC2550F78D0066EBC1 /* Release */,
			);
			defaultConfigurationIsVisible = 0;
			defaultConfigurationName = Release;
		};
		6E184DAD2550F78D0066EBC1 /* Build configuration list for PBXNativeTarget "MHATests" */ = {
			isa = XCConfigurationList;
			buildConfigurations = (
				6E184DAE2550F78D0066EBC1 /* Debug */,
				6E184DAF2550F78D0066EBC1 /* Release */,
			);
			defaultConfigurationIsVisible = 0;
			defaultConfigurationName = Release;
		};
		6E184DB02550F78D0066EBC1 /* Build configuration list for PBXNativeTarget "MHAUITests" */ = {
			isa = XCConfigurationList;
			buildConfigurations = (
				6E184DB12550F78D0066EBC1 /* Debug */,
				6E184DB22550F78D0066EBC1 /* Release */,
			);
			defaultConfigurationIsVisible = 0;
			defaultConfigurationName = Release;
		};
/* End XCConfigurationList section */

/* Begin XCVersionGroup section */
		6E184D892550F7890066EBC1 /* MHA.xcdatamodeld */ = {
			isa = XCVersionGroup;
			children = (
				6E184D8A2550F7890066EBC1 /* MHA.xcdatamodel */,
			);
			currentVersion = 6E184D8A2550F7890066EBC1 /* MHA.xcdatamodel */;
			path = MHA.xcdatamodeld;
			sourceTree = "<group>";
			versionGroupType = wrapper.xcdatamodel;
		};
/* End XCVersionGroup section */
	};
	rootObject = 6E184D752550F7890066EBC1 /* Project object */;
}
